// !$*UTF8*$!
{
	archiveVersion = 1;
	classes = {
	};
	objectVersion = 50;
	objects = {

/* Begin PBXBuildFile section */
		026DD96B20C67F7193FE0AAC /* Pods_RxSwiftSampleTests.framework in Frameworks */ = {isa = PBXBuildFile; fileRef = B1E2FF2EC6F34568BCFBD501 /* Pods_RxSwiftSampleTests.framework */; };
		9203A0EA9560C60A88EDA28E /* Pods_RxSwiftSampleUITests.framework in Frameworks */ = {isa = PBXBuildFile; fileRef = A6F87D807DBA0DF61DD24432 /* Pods_RxSwiftSampleUITests.framework */; };
		A69827231700B4F682B465D3 /* Pods_RxSwiftSample.framework in Frameworks */ = {isa = PBXBuildFile; fileRef = EA770602F01B1DB31527B359 /* Pods_RxSwiftSample.framework */; };
		B583A3C12095DCC20044ECA0 /* AppDelegate.swift in Sources */ = {isa = PBXBuildFile; fileRef = B583A3C02095DCC20044ECA0 /* AppDelegate.swift */; };
		B583A3C32095DCC20044ECA0 /* MasterViewController.swift in Sources */ = {isa = PBXBuildFile; fileRef = B583A3C22095DCC20044ECA0 /* MasterViewController.swift */; };
		B583A3C52095DCC20044ECA0 /* DetailViewController.swift in Sources */ = {isa = PBXBuildFile; fileRef = B583A3C42095DCC20044ECA0 /* DetailViewController.swift */; };
		B583A3C82095DCC20044ECA0 /* Main.storyboard in Resources */ = {isa = PBXBuildFile; fileRef = B583A3C62095DCC20044ECA0 /* Main.storyboard */; };
		B583A3CA2095DCC40044ECA0 /* Assets.xcassets in Resources */ = {isa = PBXBuildFile; fileRef = B583A3C92095DCC40044ECA0 /* Assets.xcassets */; };
		B583A3CD2095DCC40044ECA0 /* LaunchScreen.storyboard in Resources */ = {isa = PBXBuildFile; fileRef = B583A3CB2095DCC40044ECA0 /* LaunchScreen.storyboard */; };
		B583A3D82095DCC40044ECA0 /* RxSwiftSampleTests.swift in Sources */ = {isa = PBXBuildFile; fileRef = B583A3D72095DCC40044ECA0 /* RxSwiftSampleTests.swift */; };
		B583A3E32095DCC40044ECA0 /* RxSwiftSampleUITests.swift in Sources */ = {isa = PBXBuildFile; fileRef = B583A3E22095DCC40044ECA0 /* RxSwiftSampleUITests.swift */; };
		B5CB9354209EEE1C00BF706C /* UISampleViewController.swift in Sources */ = {isa = PBXBuildFile; fileRef = B5CB9353209EEE1C00BF706C /* UISampleViewController.swift */; };
		B5CB935A209F064F00BF706C /* DialogUtils.swift in Sources */ = {isa = PBXBuildFile; fileRef = B5CB9359209F064F00BF706C /* DialogUtils.swift */; };
		B5CB935C209F60C100BF706C /* MiscViewController.swift in Sources */ = {isa = PBXBuildFile; fileRef = B5CB935B209F60C100BF706C /* MiscViewController.swift */; };
/* End PBXBuildFile section */

/* Begin PBXContainerItemProxy section */
		B583A3D42095DCC40044ECA0 /* PBXContainerItemProxy */ = {
			isa = PBXContainerItemProxy;
			containerPortal = B583A3B52095DCC20044ECA0 /* Project object */;
			proxyType = 1;
			remoteGlobalIDString = B583A3BC2095DCC20044ECA0;
			remoteInfo = RxSwiftSample;
		};
		B583A3DF2095DCC40044ECA0 /* PBXContainerItemProxy */ = {
			isa = PBXContainerItemProxy;
			containerPortal = B583A3B52095DCC20044ECA0 /* Project object */;
			proxyType = 1;
			remoteGlobalIDString = B583A3BC2095DCC20044ECA0;
			remoteInfo = RxSwiftSample;
		};
/* End PBXContainerItemProxy section */

/* Begin PBXFileReference section */
		5DA02748915DEE1F1FA64BBC /* Pods-RxSwiftSampleTests.release.xcconfig */ = {isa = PBXFileReference; includeInIndex = 1; lastKnownFileType = text.xcconfig; name = "Pods-RxSwiftSampleTests.release.xcconfig"; path = "Pods/Target Support Files/Pods-RxSwiftSampleTests/Pods-RxSwiftSampleTests.release.xcconfig"; sourceTree = "<group>"; };
		A4A359CEF14AB3C220D7E9F2 /* Pods-RxSwiftSampleUITests.release.xcconfig */ = {isa = PBXFileReference; includeInIndex = 1; lastKnownFileType = text.xcconfig; name = "Pods-RxSwiftSampleUITests.release.xcconfig"; path = "Pods/Target Support Files/Pods-RxSwiftSampleUITests/Pods-RxSwiftSampleUITests.release.xcconfig"; sourceTree = "<group>"; };
		A6F87D807DBA0DF61DD24432 /* Pods_RxSwiftSampleUITests.framework */ = {isa = PBXFileReference; explicitFileType = wrapper.framework; includeInIndex = 0; path = Pods_RxSwiftSampleUITests.framework; sourceTree = BUILT_PRODUCTS_DIR; };
		B1E2FF2EC6F34568BCFBD501 /* Pods_RxSwiftSampleTests.framework */ = {isa = PBXFileReference; explicitFileType = wrapper.framework; includeInIndex = 0; path = Pods_RxSwiftSampleTests.framework; sourceTree = BUILT_PRODUCTS_DIR; };
		B583A3BD2095DCC20044ECA0 /* RxSwiftSample.app */ = {isa = PBXFileReference; explicitFileType = wrapper.application; includeInIndex = 0; path = RxSwiftSample.app; sourceTree = BUILT_PRODUCTS_DIR; };
		B583A3C02095DCC20044ECA0 /* AppDelegate.swift */ = {isa = PBXFileReference; lastKnownFileType = sourcecode.swift; path = AppDelegate.swift; sourceTree = "<group>"; };
		B583A3C22095DCC20044ECA0 /* MasterViewController.swift */ = {isa = PBXFileReference; lastKnownFileType = sourcecode.swift; path = MasterViewController.swift; sourceTree = "<group>"; };
		B583A3C42095DCC20044ECA0 /* DetailViewController.swift */ = {isa = PBXFileReference; lastKnownFileType = sourcecode.swift; path = DetailViewController.swift; sourceTree = "<group>"; };
		B583A3C72095DCC20044ECA0 /* Base */ = {isa = PBXFileReference; lastKnownFileType = file.storyboard; name = Base; path = Base.lproj/Main.storyboard; sourceTree = "<group>"; };
		B583A3C92095DCC40044ECA0 /* Assets.xcassets */ = {isa = PBXFileReference; lastKnownFileType = folder.assetcatalog; path = Assets.xcassets; sourceTree = "<group>"; };
		B583A3CC2095DCC40044ECA0 /* Base */ = {isa = PBXFileReference; lastKnownFileType = file.storyboard; name = Base; path = Base.lproj/LaunchScreen.storyboard; sourceTree = "<group>"; };
		B583A3CE2095DCC40044ECA0 /* Info.plist */ = {isa = PBXFileReference; lastKnownFileType = text.plist.xml; path = Info.plist; sourceTree = "<group>"; };
		B583A3D32095DCC40044ECA0 /* RxSwiftSampleTests.xctest */ = {isa = PBXFileReference; explicitFileType = wrapper.cfbundle; includeInIndex = 0; path = RxSwiftSampleTests.xctest; sourceTree = BUILT_PRODUCTS_DIR; };
		B583A3D72095DCC40044ECA0 /* RxSwiftSampleTests.swift */ = {isa = PBXFileReference; lastKnownFileType = sourcecode.swift; path = RxSwiftSampleTests.swift; sourceTree = "<group>"; };
		B583A3D92095DCC40044ECA0 /* Info.plist */ = {isa = PBXFileReference; lastKnownFileType = text.plist.xml; path = Info.plist; sourceTree = "<group>"; };
		B583A3DE2095DCC40044ECA0 /* RxSwiftSampleUITests.xctest */ = {isa = PBXFileReference; explicitFileType = wrapper.cfbundle; includeInIndex = 0; path = RxSwiftSampleUITests.xctest; sourceTree = BUILT_PRODUCTS_DIR; };
		B583A3E22095DCC40044ECA0 /* RxSwiftSampleUITests.swift */ = {isa = PBXFileReference; lastKnownFileType = sourcecode.swift; path = RxSwiftSampleUITests.swift; sourceTree = "<group>"; };
		B583A3E42095DCC40044ECA0 /* Info.plist */ = {isa = PBXFileReference; lastKnownFileType = text.plist.xml; path = Info.plist; sourceTree = "<group>"; };
		B5CB9353209EEE1C00BF706C /* UISampleViewController.swift */ = {isa = PBXFileReference; lastKnownFileType = sourcecode.swift; path = UISampleViewController.swift; sourceTree = "<group>"; };
		B5CB9359209F064F00BF706C /* DialogUtils.swift */ = {isa = PBXFileReference; lastKnownFileType = sourcecode.swift; path = DialogUtils.swift; sourceTree = "<group>"; };
		B5CB935B209F60C100BF706C /* MiscViewController.swift */ = {isa = PBXFileReference; lastKnownFileType = sourcecode.swift; path = MiscViewController.swift; sourceTree = "<group>"; };
		D1B4073C5DD8626BE7FD5905 /* Pods-RxSwiftSampleUITests.debug.xcconfig */ = {isa = PBXFileReference; includeInIndex = 1; lastKnownFileType = text.xcconfig; name = "Pods-RxSwiftSampleUITests.debug.xcconfig"; path = "Pods/Target Support Files/Pods-RxSwiftSampleUITests/Pods-RxSwiftSampleUITests.debug.xcconfig"; sourceTree = "<group>"; };
		E6910EB162E94B351BF78786 /* Pods-RxSwiftSampleTests.debug.xcconfig */ = {isa = PBXFileReference; includeInIndex = 1; lastKnownFileType = text.xcconfig; name = "Pods-RxSwiftSampleTests.debug.xcconfig"; path = "Pods/Target Support Files/Pods-RxSwiftSampleTests/Pods-RxSwiftSampleTests.debug.xcconfig"; sourceTree = "<group>"; };
		EA770602F01B1DB31527B359 /* Pods_RxSwiftSample.framework */ = {isa = PBXFileReference; explicitFileType = wrapper.framework; includeInIndex = 0; path = Pods_RxSwiftSample.framework; sourceTree = BUILT_PRODUCTS_DIR; };
		EAF7902999064CA90447A289 /* Pods-RxSwiftSample.debug.xcconfig */ = {isa = PBXFileReference; includeInIndex = 1; lastKnownFileType = text.xcconfig; name = "Pods-RxSwiftSample.debug.xcconfig"; path = "Pods/Target Support Files/Pods-RxSwiftSample/Pods-RxSwiftSample.debug.xcconfig"; sourceTree = "<group>"; };
		F55099B071EA6915DFF6E6F7 /* Pods-RxSwiftSample.release.xcconfig */ = {isa = PBXFileReference; includeInIndex = 1; lastKnownFileType = text.xcconfig; name = "Pods-RxSwiftSample.release.xcconfig"; path = "Pods/Target Support Files/Pods-RxSwiftSample/Pods-RxSwiftSample.release.xcconfig"; sourceTree = "<group>"; };
/* End PBXFileReference section */

/* Begin PBXFrameworksBuildPhase section */
		B583A3BA2095DCC20044ECA0 /* Frameworks */ = {
			isa = PBXFrameworksBuildPhase;
			buildActionMask = 2147483647;
			files = (
				A69827231700B4F682B465D3 /* Pods_RxSwiftSample.framework in Frameworks */,
			);
			runOnlyForDeploymentPostprocessing = 0;
		};
		B583A3D02095DCC40044ECA0 /* Frameworks */ = {
			isa = PBXFrameworksBuildPhase;
			buildActionMask = 2147483647;
			files = (
				026DD96B20C67F7193FE0AAC /* Pods_RxSwiftSampleTests.framework in Frameworks */,
			);
			runOnlyForDeploymentPostprocessing = 0;
		};
		B583A3DB2095DCC40044ECA0 /* Frameworks */ = {
			isa = PBXFrameworksBuildPhase;
			buildActionMask = 2147483647;
			files = (
				9203A0EA9560C60A88EDA28E /* Pods_RxSwiftSampleUITests.framework in Frameworks */,
			);
			runOnlyForDeploymentPostprocessing = 0;
		};
/* End PBXFrameworksBuildPhase section */

/* Begin PBXGroup section */
		7FCA635948ACC67FD37EE13B /* Frameworks */ = {
			isa = PBXGroup;
			children = (
				EA770602F01B1DB31527B359 /* Pods_RxSwiftSample.framework */,
				B1E2FF2EC6F34568BCFBD501 /* Pods_RxSwiftSampleTests.framework */,
				A6F87D807DBA0DF61DD24432 /* Pods_RxSwiftSampleUITests.framework */,
			);
			name = Frameworks;
			sourceTree = "<group>";
		};
		A1F03EFF88092B7343DAA8C5 /* Pods */ = {
			isa = PBXGroup;
			children = (
				EAF7902999064CA90447A289 /* Pods-RxSwiftSample.debug.xcconfig */,
				F55099B071EA6915DFF6E6F7 /* Pods-RxSwiftSample.release.xcconfig */,
				E6910EB162E94B351BF78786 /* Pods-RxSwiftSampleTests.debug.xcconfig */,
				5DA02748915DEE1F1FA64BBC /* Pods-RxSwiftSampleTests.release.xcconfig */,
				D1B4073C5DD8626BE7FD5905 /* Pods-RxSwiftSampleUITests.debug.xcconfig */,
				A4A359CEF14AB3C220D7E9F2 /* Pods-RxSwiftSampleUITests.release.xcconfig */,
			);
			name = Pods;
			sourceTree = "<group>";
		};
		B583A3B42095DCC20044ECA0 = {
			isa = PBXGroup;
			children = (
				B583A3BF2095DCC20044ECA0 /* RxSwiftSample */,
				B583A3D62095DCC40044ECA0 /* RxSwiftSampleTests */,
				B583A3E12095DCC40044ECA0 /* RxSwiftSampleUITests */,
				B583A3BE2095DCC20044ECA0 /* Products */,
				A1F03EFF88092B7343DAA8C5 /* Pods */,
				7FCA635948ACC67FD37EE13B /* Frameworks */,
			);
			sourceTree = "<group>";
		};
		B583A3BE2095DCC20044ECA0 /* Products */ = {
			isa = PBXGroup;
			children = (
				B583A3BD2095DCC20044ECA0 /* RxSwiftSample.app */,
				B583A3D32095DCC40044ECA0 /* RxSwiftSampleTests.xctest */,
				B583A3DE2095DCC40044ECA0 /* RxSwiftSampleUITests.xctest */,
			);
			name = Products;
			sourceTree = "<group>";
		};
		B583A3BF2095DCC20044ECA0 /* RxSwiftSample */ = {
			isa = PBXGroup;
			children = (
				B5CB9358209F063E00BF706C /* Utils */,
				B583A3C02095DCC20044ECA0 /* AppDelegate.swift */,
				B583A3C22095DCC20044ECA0 /* MasterViewController.swift */,
				B583A3C42095DCC20044ECA0 /* DetailViewController.swift */,
				B583A3C62095DCC20044ECA0 /* Main.storyboard */,
				B583A3C92095DCC40044ECA0 /* Assets.xcassets */,
				B583A3CB2095DCC40044ECA0 /* LaunchScreen.storyboard */,
				B583A3CE2095DCC40044ECA0 /* Info.plist */,
				B5CB9353209EEE1C00BF706C /* UISampleViewController.swift */,
				B5CB935B209F60C100BF706C /* MiscViewController.swift */,
			);
			path = RxSwiftSample;
			sourceTree = "<group>";
		};
		B583A3D62095DCC40044ECA0 /* RxSwiftSampleTests */ = {
			isa = PBXGroup;
			children = (
				B583A3D72095DCC40044ECA0 /* RxSwiftSampleTests.swift */,
				B583A3D92095DCC40044ECA0 /* Info.plist */,
			);
			path = RxSwiftSampleTests;
			sourceTree = "<group>";
		};
		B583A3E12095DCC40044ECA0 /* RxSwiftSampleUITests */ = {
			isa = PBXGroup;
			children = (
				B583A3E22095DCC40044ECA0 /* RxSwiftSampleUITests.swift */,
				B583A3E42095DCC40044ECA0 /* Info.plist */,
			);
			path = RxSwiftSampleUITests;
			sourceTree = "<group>";
		};
		B5CB9358209F063E00BF706C /* Utils */ = {
			isa = PBXGroup;
			children = (
				B5CB9359209F064F00BF706C /* DialogUtils.swift */,
			);
			path = Utils;
			sourceTree = "<group>";
		};
/* End PBXGroup section */

/* Begin PBXNativeTarget section */
		B583A3BC2095DCC20044ECA0 /* RxSwiftSample */ = {
			isa = PBXNativeTarget;
			buildConfigurationList = B583A3E72095DCC40044ECA0 /* Build configuration list for PBXNativeTarget "RxSwiftSample" */;
			buildPhases = (
				79E33BA86447455A2A74DCDF /* [CP] Check Pods Manifest.lock */,
				B583A3B92095DCC20044ECA0 /* Sources */,
				B583A3BA2095DCC20044ECA0 /* Frameworks */,
				B583A3BB2095DCC20044ECA0 /* Resources */,
				061D1CF3DDB5890A8C01443A /* [CP] Embed Pods Frameworks */,
			);
			buildRules = (
			);
			dependencies = (
			);
			name = RxSwiftSample;
			productName = RxSwiftSample;
			productReference = B583A3BD2095DCC20044ECA0 /* RxSwiftSample.app */;
			productType = "com.apple.product-type.application";
		};
		B583A3D22095DCC40044ECA0 /* RxSwiftSampleTests */ = {
			isa = PBXNativeTarget;
			buildConfigurationList = B583A3EA2095DCC40044ECA0 /* Build configuration list for PBXNativeTarget "RxSwiftSampleTests" */;
			buildPhases = (
				7EB769489EEBADCD82F03C33 /* [CP] Check Pods Manifest.lock */,
				B583A3CF2095DCC40044ECA0 /* Sources */,
				B583A3D02095DCC40044ECA0 /* Frameworks */,
				B583A3D12095DCC40044ECA0 /* Resources */,
			);
			buildRules = (
			);
			dependencies = (
				B583A3D52095DCC40044ECA0 /* PBXTargetDependency */,
			);
			name = RxSwiftSampleTests;
			productName = RxSwiftSampleTests;
			productReference = B583A3D32095DCC40044ECA0 /* RxSwiftSampleTests.xctest */;
			productType = "com.apple.product-type.bundle.unit-test";
		};
		B583A3DD2095DCC40044ECA0 /* RxSwiftSampleUITests */ = {
			isa = PBXNativeTarget;
			buildConfigurationList = B583A3ED2095DCC40044ECA0 /* Build configuration list for PBXNativeTarget "RxSwiftSampleUITests" */;
			buildPhases = (
				420A4588814BA781AED4C013 /* [CP] Check Pods Manifest.lock */,
				B583A3DA2095DCC40044ECA0 /* Sources */,
				B583A3DB2095DCC40044ECA0 /* Frameworks */,
				B583A3DC2095DCC40044ECA0 /* Resources */,
			);
			buildRules = (
			);
			dependencies = (
				B583A3E02095DCC40044ECA0 /* PBXTargetDependency */,
			);
			name = RxSwiftSampleUITests;
			productName = RxSwiftSampleUITests;
			productReference = B583A3DE2095DCC40044ECA0 /* RxSwiftSampleUITests.xctest */;
			productType = "com.apple.product-type.bundle.ui-testing";
		};
/* End PBXNativeTarget section */

/* Begin PBXProject section */
		B583A3B52095DCC20044ECA0 /* Project object */ = {
			isa = PBXProject;
			attributes = {
				LastSwiftUpdateCheck = 0930;
				LastUpgradeCheck = 0930;
				ORGANIZATIONNAME = "tech vein, Inc.";
				TargetAttributes = {
					B583A3BC2095DCC20044ECA0 = {
						CreatedOnToolsVersion = 9.3;
					};
					B583A3D22095DCC40044ECA0 = {
						CreatedOnToolsVersion = 9.3;
						TestTargetID = B583A3BC2095DCC20044ECA0;
					};
					B583A3DD2095DCC40044ECA0 = {
						CreatedOnToolsVersion = 9.3;
						TestTargetID = B583A3BC2095DCC20044ECA0;
					};
				};
			};
			buildConfigurationList = B583A3B82095DCC20044ECA0 /* Build configuration list for PBXProject "RxSwiftSample" */;
			compatibilityVersion = "Xcode 9.3";
			developmentRegion = en;
			hasScannedForEncodings = 0;
			knownRegions = (
				en,
				Base,
			);
			mainGroup = B583A3B42095DCC20044ECA0;
			productRefGroup = B583A3BE2095DCC20044ECA0 /* Products */;
			projectDirPath = "";
			projectRoot = "";
			targets = (
				B583A3BC2095DCC20044ECA0 /* RxSwiftSample */,
				B583A3D22095DCC40044ECA0 /* RxSwiftSampleTests */,
				B583A3DD2095DCC40044ECA0 /* RxSwiftSampleUITests */,
			);
		};
/* End PBXProject section */

/* Begin PBXResourcesBuildPhase section */
		B583A3BB2095DCC20044ECA0 /* Resources */ = {
			isa = PBXResourcesBuildPhase;
			buildActionMask = 2147483647;
			files = (
				B583A3CD2095DCC40044ECA0 /* LaunchScreen.storyboard in Resources */,
				B583A3CA2095DCC40044ECA0 /* Assets.xcassets in Resources */,
				B583A3C82095DCC20044ECA0 /* Main.storyboard in Resources */,
			);
			runOnlyForDeploymentPostprocessing = 0;
		};
		B583A3D12095DCC40044ECA0 /* Resources */ = {
			isa = PBXResourcesBuildPhase;
			buildActionMask = 2147483647;
			files = (
			);
			runOnlyForDeploymentPostprocessing = 0;
		};
		B583A3DC2095DCC40044ECA0 /* Resources */ = {
			isa = PBXResourcesBuildPhase;
			buildActionMask = 2147483647;
			files = (
			);
			runOnlyForDeploymentPostprocessing = 0;
		};
/* End PBXResourcesBuildPhase section */

/* Begin PBXShellScriptBuildPhase section */
		061D1CF3DDB5890A8C01443A /* [CP] Embed Pods Frameworks */ = {
			isa = PBXShellScriptBuildPhase;
			buildActionMask = 2147483647;
			files = (
			);
			inputPaths = (
				"${SRCROOT}/Pods/Target Support Files/Pods-RxSwiftSample/Pods-RxSwiftSample-frameworks.sh",
				"${BUILT_PRODUCTS_DIR}/RxCocoa/RxCocoa.framework",
				"${BUILT_PRODUCTS_DIR}/RxSwift/RxSwift.framework",
			);
			name = "[CP] Embed Pods Frameworks";
			outputPaths = (
				"${TARGET_BUILD_DIR}/${FRAMEWORKS_FOLDER_PATH}/RxCocoa.framework",
				"${TARGET_BUILD_DIR}/${FRAMEWORKS_FOLDER_PATH}/RxSwift.framework",
			);
			runOnlyForDeploymentPostprocessing = 0;
			shellPath = /bin/sh;
			shellScript = "\"${SRCROOT}/Pods/Target Support Files/Pods-RxSwiftSample/Pods-RxSwiftSample-frameworks.sh\"\n";
			showEnvVarsInLog = 0;
		};
		420A4588814BA781AED4C013 /* [CP] Check Pods Manifest.lock */ = {
			isa = PBXShellScriptBuildPhase;
			buildActionMask = 2147483647;
			files = (
			);
			inputPaths = (
				"${PODS_PODFILE_DIR_PATH}/Podfile.lock",
				"${PODS_ROOT}/Manifest.lock",
			);
			name = "[CP] Check Pods Manifest.lock";
			outputPaths = (
				"$(DERIVED_FILE_DIR)/Pods-RxSwiftSampleUITests-checkManifestLockResult.txt",
			);
			runOnlyForDeploymentPostprocessing = 0;
			shellPath = /bin/sh;
			shellScript = "diff \"${PODS_PODFILE_DIR_PATH}/Podfile.lock\" \"${PODS_ROOT}/Manifest.lock\" > /dev/null\nif [ $? != 0 ] ; then\n    # print error to STDERR\n    echo \"error: The sandbox is not in sync with the Podfile.lock. Run 'pod install' or update your CocoaPods installation.\" >&2\n    exit 1\nfi\n# This output is used by Xcode 'outputs' to avoid re-running this script phase.\necho \"SUCCESS\" > \"${SCRIPT_OUTPUT_FILE_0}\"\n";
			showEnvVarsInLog = 0;
		};
		79E33BA86447455A2A74DCDF /* [CP] Check Pods Manifest.lock */ = {
			isa = PBXShellScriptBuildPhase;
			buildActionMask = 2147483647;
			files = (
			);
			inputPaths = (
				"${PODS_PODFILE_DIR_PATH}/Podfile.lock",
				"${PODS_ROOT}/Manifest.lock",
			);
			name = "[CP] Check Pods Manifest.lock";
			outputPaths = (
				"$(DERIVED_FILE_DIR)/Pods-RxSwiftSample-checkManifestLockResult.txt",
			);
			runOnlyForDeploymentPostprocessing = 0;
			shellPath = /bin/sh;
			shellScript = "diff \"${PODS_PODFILE_DIR_PATH}/Podfile.lock\" \"${PODS_ROOT}/Manifest.lock\" > /dev/null\nif [ $? != 0 ] ; then\n    # print error to STDERR\n    echo \"error: The sandbox is not in sync with the Podfile.lock. Run 'pod install' or update your CocoaPods installation.\" >&2\n    exit 1\nfi\n# This output is used by Xcode 'outputs' to avoid re-running this script phase.\necho \"SUCCESS\" > \"${SCRIPT_OUTPUT_FILE_0}\"\n";
			showEnvVarsInLog = 0;
		};
		7EB769489EEBADCD82F03C33 /* [CP] Check Pods Manifest.lock */ = {
			isa = PBXShellScriptBuildPhase;
			buildActionMask = 2147483647;
			files = (
			);
			inputPaths = (
				"${PODS_PODFILE_DIR_PATH}/Podfile.lock",
				"${PODS_ROOT}/Manifest.lock",
			);
			name = "[CP] Check Pods Manifest.lock";
			outputPaths = (
				"$(DERIVED_FILE_DIR)/Pods-RxSwiftSampleTests-checkManifestLockResult.txt",
			);
			runOnlyForDeploymentPostprocessing = 0;
			shellPath = /bin/sh;
			shellScript = "diff \"${PODS_PODFILE_DIR_PATH}/Podfile.lock\" \"${PODS_ROOT}/Manifest.lock\" > /dev/null\nif [ $? != 0 ] ; then\n    # print error to STDERR\n    echo \"error: The sandbox is not in sync with the Podfile.lock. Run 'pod install' or update your CocoaPods installation.\" >&2\n    exit 1\nfi\n# This output is used by Xcode 'outputs' to avoid re-running this script phase.\necho \"SUCCESS\" > \"${SCRIPT_OUTPUT_FILE_0}\"\n";
			showEnvVarsInLog = 0;
		};
/* End PBXShellScriptBuildPhase section */

/* Begin PBXSourcesBuildPhase section */
		B583A3B92095DCC20044ECA0 /* Sources */ = {
			isa = PBXSourcesBuildPhase;
			buildActionMask = 2147483647;
			files = (
				B5CB935A209F064F00BF706C /* DialogUtils.swift in Sources */,
				B583A3C52095DCC20044ECA0 /* DetailViewController.swift in Sources */,
				B5CB935C209F60C100BF706C /* MiscViewController.swift in Sources */,
				B583A3C32095DCC20044ECA0 /* MasterViewController.swift in Sources */,
				B5CB9354209EEE1C00BF706C /* UISampleViewController.swift in Sources */,
				B583A3C12095DCC20044ECA0 /* AppDelegate.swift in Sources */,
			);
			runOnlyForDeploymentPostprocessing = 0;
		};
		B583A3CF2095DCC40044ECA0 /* Sources */ = {
			isa = PBXSourcesBuildPhase;
			buildActionMask = 2147483647;
			files = (
				B583A3D82095DCC40044ECA0 /* RxSwiftSampleTests.swift in Sources */,
			);
			runOnlyForDeploymentPostprocessing = 0;
		};
		B583A3DA2095DCC40044ECA0 /* Sources */ = {
			isa = PBXSourcesBuildPhase;
			buildActionMask = 2147483647;
			files = (
				B583A3E32095DCC40044ECA0 /* RxSwiftSampleUITests.swift in Sources */,
			);
			runOnlyForDeploymentPostprocessing = 0;
		};
/* End PBXSourcesBuildPhase section */

/* Begin PBXTargetDependency section */
		B583A3D52095DCC40044ECA0 /* PBXTargetDependency */ = {
			isa = PBXTargetDependency;
			target = B583A3BC2095DCC20044ECA0 /* RxSwiftSample */;
			targetProxy = B583A3D42095DCC40044ECA0 /* PBXContainerItemProxy */;
		};
		B583A3E02095DCC40044ECA0 /* PBXTargetDependency */ = {
			isa = PBXTargetDependency;
			target = B583A3BC2095DCC20044ECA0 /* RxSwiftSample */;
			targetProxy = B583A3DF2095DCC40044ECA0 /* PBXContainerItemProxy */;
		};
/* End PBXTargetDependency section */

/* Begin PBXVariantGroup section */
		B583A3C62095DCC20044ECA0 /* Main.storyboard */ = {
			isa = PBXVariantGroup;
			children = (
				B583A3C72095DCC20044ECA0 /* Base */,
			);
			name = Main.storyboard;
			sourceTree = "<group>";
		};
		B583A3CB2095DCC40044ECA0 /* LaunchScreen.storyboard */ = {
			isa = PBXVariantGroup;
			children = (
				B583A3CC2095DCC40044ECA0 /* Base */,
			);
			name = LaunchScreen.storyboard;
			sourceTree = "<group>";
		};
/* End PBXVariantGroup section */

/* Begin XCBuildConfiguration section */
		B583A3E52095DCC40044ECA0 /* Debug */ = {
			isa = XCBuildConfiguration;
			buildSettings = {
				ALWAYS_SEARCH_USER_PATHS = NO;
				CLANG_ANALYZER_NONNULL = YES;
				CLANG_ANALYZER_NUMBER_OBJECT_CONVERSION = YES_AGGRESSIVE;
				CLANG_CXX_LANGUAGE_STANDARD = "gnu++14";
				CLANG_CXX_LIBRARY = "libc++";
				CLANG_ENABLE_MODULES = YES;
				CLANG_ENABLE_OBJC_ARC = YES;
				CLANG_ENABLE_OBJC_WEAK = YES;
				CLANG_WARN_BLOCK_CAPTURE_AUTORELEASING = YES;
				CLANG_WARN_BOOL_CONVERSION = YES;
				CLANG_WARN_COMMA = YES;
				CLANG_WARN_CONSTANT_CONVERSION = YES;
				CLANG_WARN_DEPRECATED_OBJC_IMPLEMENTATIONS = YES;
				CLANG_WARN_DIRECT_OBJC_ISA_USAGE = YES_ERROR;
				CLANG_WARN_DOCUMENTATION_COMMENTS = YES;
				CLANG_WARN_EMPTY_BODY = YES;
				CLANG_WARN_ENUM_CONVERSION = YES;
				CLANG_WARN_INFINITE_RECURSION = YES;
				CLANG_WARN_INT_CONVERSION = YES;
				CLANG_WARN_NON_LITERAL_NULL_CONVERSION = YES;
				CLANG_WARN_OBJC_IMPLICIT_RETAIN_SELF = YES;
				CLANG_WARN_OBJC_LITERAL_CONVERSION = YES;
				CLANG_WARN_OBJC_ROOT_CLASS = YES_ERROR;
				CLANG_WARN_RANGE_LOOP_ANALYSIS = YES;
				CLANG_WARN_STRICT_PROTOTYPES = YES;
				CLANG_WARN_SUSPICIOUS_MOVE = YES;
				CLANG_WARN_UNGUARDED_AVAILABILITY = YES_AGGRESSIVE;
				CLANG_WARN_UNREACHABLE_CODE = YES;
				CLANG_WARN__DUPLICATE_METHOD_MATCH = YES;
				CODE_SIGN_IDENTITY = "iPhone Developer";
				COPY_PHASE_STRIP = NO;
				DEBUG_INFORMATION_FORMAT = dwarf;
				ENABLE_STRICT_OBJC_MSGSEND = YES;
				ENABLE_TESTABILITY = YES;
				GCC_C_LANGUAGE_STANDARD = gnu11;
				GCC_DYNAMIC_NO_PIC = NO;
				GCC_NO_COMMON_BLOCKS = YES;
				GCC_OPTIMIZATION_LEVEL = 0;
				GCC_PREPROCESSOR_DEFINITIONS = (
					"DEBUG=1",
					"$(inherited)",
				);
				GCC_WARN_64_TO_32_BIT_CONVERSION = YES;
				GCC_WARN_ABOUT_RETURN_TYPE = YES_ERROR;
				GCC_WARN_UNDECLARED_SELECTOR = YES;
				GCC_WARN_UNINITIALIZED_AUTOS = YES_AGGRESSIVE;
				GCC_WARN_UNUSED_FUNCTION = YES;
				GCC_WARN_UNUSED_VARIABLE = YES;
				IPHONEOS_DEPLOYMENT_TARGET = 11.3;
				MTL_ENABLE_DEBUG_INFO = YES;
				ONLY_ACTIVE_ARCH = YES;
				SDKROOT = iphoneos;
				SWIFT_ACTIVE_COMPILATION_CONDITIONS = DEBUG;
				SWIFT_OPTIMIZATION_LEVEL = "-Onone";
			};
			name = Debug;
		};
		B583A3E62095DCC40044ECA0 /* Release */ = {
			isa = XCBuildConfiguration;
			buildSettings = {
				ALWAYS_SEARCH_USER_PATHS = NO;
				CLANG_ANALYZER_NONNULL = YES;
				CLANG_ANALYZER_NUMBER_OBJECT_CONVERSION = YES_AGGRESSIVE;
				CLANG_CXX_LANGUAGE_STANDARD = "gnu++14";
				CLANG_CXX_LIBRARY = "libc++";
				CLANG_ENABLE_MODULES = YES;
				CLANG_ENABLE_OBJC_ARC = YES;
				CLANG_ENABLE_OBJC_WEAK = YES;
				CLANG_WARN_BLOCK_CAPTURE_AUTORELEASING = YES;
				CLANG_WARN_BOOL_CONVERSION = YES;
				CLANG_WARN_COMMA = YES;
				CLANG_WARN_CONSTANT_CONVERSION = YES;
				CLANG_WARN_DEPRECATED_OBJC_IMPLEMENTATIONS = YES;
				CLANG_WARN_DIRECT_OBJC_ISA_USAGE = YES_ERROR;
				CLANG_WARN_DOCUMENTATION_COMMENTS = YES;
				CLANG_WARN_EMPTY_BODY = YES;
				CLANG_WARN_ENUM_CONVERSION = YES;
				CLANG_WARN_INFINITE_RECURSION = YES;
				CLANG_WARN_INT_CONVERSION = YES;
				CLANG_WARN_NON_LITERAL_NULL_CONVERSION = YES;
				CLANG_WARN_OBJC_IMPLICIT_RETAIN_SELF = YES;
				CLANG_WARN_OBJC_LITERAL_CONVERSION = YES;
				CLANG_WARN_OBJC_ROOT_CLASS = YES_ERROR;
				CLANG_WARN_RANGE_LOOP_ANALYSIS = YES;
				CLANG_WARN_STRICT_PROTOTYPES = YES;
				CLANG_WARN_SUSPICIOUS_MOVE = YES;
				CLANG_WARN_UNGUARDED_AVAILABILITY = YES_AGGRESSIVE;
				CLANG_WARN_UNREACHABLE_CODE = YES;
				CLANG_WARN__DUPLICATE_METHOD_MATCH = YES;
				CODE_SIGN_IDENTITY = "iPhone Developer";
				COPY_PHASE_STRIP = NO;
				DEBUG_INFORMATION_FORMAT = "dwarf-with-dsym";
				ENABLE_NS_ASSERTIONS = NO;
				ENABLE_STRICT_OBJC_MSGSEND = YES;
				GCC_C_LANGUAGE_STANDARD = gnu11;
				GCC_NO_COMMON_BLOCKS = YES;
				GCC_WARN_64_TO_32_BIT_CONVERSION = YES;
				GCC_WARN_ABOUT_RETURN_TYPE = YES_ERROR;
				GCC_WARN_UNDECLARED_SELECTOR = YES;
				GCC_WARN_UNINITIALIZED_AUTOS = YES_AGGRESSIVE;
				GCC_WARN_UNUSED_FUNCTION = YES;
				GCC_WARN_UNUSED_VARIABLE = YES;
				IPHONEOS_DEPLOYMENT_TARGET = 11.3;
				MTL_ENABLE_DEBUG_INFO = NO;
				SDKROOT = iphoneos;
				SWIFT_COMPILATION_MODE = wholemodule;
				SWIFT_OPTIMIZATION_LEVEL = "-O";
				VALIDATE_PRODUCT = YES;
			};
			name = Release;
		};
		B583A3E82095DCC40044ECA0 /* Debug */ = {
			isa = XCBuildConfiguration;
			baseConfigurationReference = EAF7902999064CA90447A289 /* Pods-RxSwiftSample.debug.xcconfig */;
			buildSettings = {
				ASSETCATALOG_COMPILER_APPICON_NAME = AppIcon;
				CODE_SIGN_STYLE = Automatic;
				DEVELOPMENT_TEAM = 889JWH7VU2;
				INFOPLIST_FILE = RxSwiftSample/Info.plist;
				LD_RUNPATH_SEARCH_PATHS = (
					"$(inherited)",
					"@executable_path/Frameworks",
				);
				PRODUCT_BUNDLE_IDENTIFIER = "com.tech-vein.RxSwiftSample";
				PRODUCT_NAME = "$(TARGET_NAME)";
				SWIFT_VERSION = 4.0;
				TARGETED_DEVICE_FAMILY = "1,2";
			};
			name = Debug;
		};
		B583A3E92095DCC40044ECA0 /* Release */ = {
			isa = XCBuildConfiguration;
			baseConfigurationReference = F55099B071EA6915DFF6E6F7 /* Pods-RxSwiftSample.release.xcconfig */;
			buildSettings = {
				ASSETCATALOG_COMPILER_APPICON_NAME = AppIcon;
				CODE_SIGN_STYLE = Automatic;
				DEVELOPMENT_TEAM = 889JWH7VU2;
				INFOPLIST_FILE = RxSwiftSample/Info.plist;
				LD_RUNPATH_SEARCH_PATHS = (
					"$(inherited)",
					"@executable_path/Frameworks",
				);
				PRODUCT_BUNDLE_IDENTIFIER = "com.tech-vein.RxSwiftSample";
				PRODUCT_NAME = "$(TARGET_NAME)";
				SWIFT_VERSION = 4.0;
				TARGETED_DEVICE_FAMILY = "1,2";
			};
			name = Release;
		};
		B583A3EB2095DCC40044ECA0 /* Debug */ = {
			isa = XCBuildConfiguration;
			baseConfigurationReference = E6910EB162E94B351BF78786 /* Pods-RxSwiftSampleTests.debug.xcconfig */;
			buildSettings = {
				ALWAYS_EMBED_SWIFT_STANDARD_LIBRARIES = YES;
				BUNDLE_LOADER = "$(TEST_HOST)";
				CODE_SIGN_STYLE = Automatic;
				DEVELOPMENT_TEAM = 889JWH7VU2;
				INFOPLIST_FILE = RxSwiftSampleTests/Info.plist;
				LD_RUNPATH_SEARCH_PATHS = (
					"$(inherited)",
					"@executable_path/Frameworks",
					"@loader_path/Frameworks",
				);
				PRODUCT_BUNDLE_IDENTIFIER = "com.tech-vein.RxSwiftSampleTests";
				PRODUCT_NAME = "$(TARGET_NAME)";
				SWIFT_VERSION = 4.0;
				TARGETED_DEVICE_FAMILY = "1,2";
				TEST_HOST = "$(BUILT_PRODUCTS_DIR)/RxSwiftSample.app/RxSwiftSample";
			};
			name = Debug;
		};
		B583A3EC2095DCC40044ECA0 /* Release */ = {
			isa = XCBuildConfiguration;
			baseConfigurationReference = 5DA02748915DEE1F1FA64BBC /* Pods-RxSwiftSampleTests.release.xcconfig */;
			buildSettings = {
				ALWAYS_EMBED_SWIFT_STANDARD_LIBRARIES = YES;
				BUNDLE_LOADER = "$(TEST_HOST)";
				CODE_SIGN_STYLE = Automatic;
				DEVELOPMENT_TEAM = 889JWH7VU2;
				INFOPLIST_FILE = RxSwiftSampleTests/Info.plist;
				LD_RUNPATH_SEARCH_PATHS = (
					"$(inherited)",
					"@executable_path/Frameworks",
					"@loader_path/Frameworks",
				);
				PRODUCT_BUNDLE_IDENTIFIER = "com.tech-vein.RxSwiftSampleTests";
				PRODUCT_NAME = "$(TARGET_NAME)";
				SWIFT_VERSION = 4.0;
				TARGETED_DEVICE_FAMILY = "1,2";
				TEST_HOST = "$(BUILT_PRODUCTS_DIR)/RxSwiftSample.app/RxSwiftSample";
			};
			name = Release;
		};
		B583A3EE2095DCC40044ECA0 /* Debug */ = {
			isa = XCBuildConfiguration;
			baseConfigurationReference = D1B4073C5DD8626BE7FD5905 /* Pods-RxSwiftSampleUITests.debug.xcconfig */;
			buildSettings = {
				ALWAYS_EMBED_SWIFT_STANDARD_LIBRARIES = YES;
				CODE_SIGN_STYLE = Automatic;
				DEVELOPMENT_TEAM = 889JWH7VU2;
				INFOPLIST_FILE = RxSwiftSampleUITests/Info.plist;
				LD_RUNPATH_SEARCH_PATHS = (
					"$(inherited)",
					"@executable_path/Frameworks",
					"@loader_path/Frameworks",
				);
				PRODUCT_BUNDLE_IDENTIFIER = "com.tech-vein.RxSwiftSampleUITests";
				PRODUCT_NAME = "$(TARGET_NAME)";
				SWIFT_VERSION = 4.0;
				TARGETED_DEVICE_FAMILY = "1,2";
				TEST_TARGET_NAME = RxSwiftSample;
			};
			name = Debug;
		};
		B583A3EF2095DCC40044ECA0 /* Release */ = {
			isa = XCBuildConfiguration;
			baseConfigurationReference = A4A359CEF14AB3C220D7E9F2 /* Pods-RxSwiftSampleUITests.release.xcconfig */;
			buildSettings = {
				ALWAYS_EMBED_SWIFT_STANDARD_LIBRARIES = YES;
				CODE_SIGN_STYLE = Automatic;
				DEVELOPMENT_TEAM = 889JWH7VU2;
				INFOPLIST_FILE = RxSwiftSampleUITests/Info.plist;
				LD_RUNPATH_SEARCH_PATHS = (
					"$(inherited)",
					"@executable_path/Frameworks",
					"@loader_path/Frameworks",
				);
				PRODUCT_BUNDLE_IDENTIFIER = "com.tech-vein.RxSwiftSampleUITests";
				PRODUCT_NAME = "$(TARGET_NAME)";
				SWIFT_VERSION = 4.0;
				TARGETED_DEVICE_FAMILY = "1,2";
				TEST_TARGET_NAME = RxSwiftSample;
			};
			name = Release;
		};
/* End XCBuildConfiguration section */

/* Begin XCConfigurationList section */
		B583A3B82095DCC20044ECA0 /* Build configuration list for PBXProject "RxSwiftSample" */ = {
			isa = XCConfigurationList;
			buildConfigurations = (
				B583A3E52095DCC40044ECA0 /* Debug */,
				B583A3E62095DCC40044ECA0 /* Release */,
			);
			defaultConfigurationIsVisible = 0;
			defaultConfigurationName = Release;
		};
		B583A3E72095DCC40044ECA0 /* Build configuration list for PBXNativeTarget "RxSwiftSample" */ = {
			isa = XCConfigurationList;
			buildConfigurations = (
				B583A3E82095DCC40044ECA0 /* Debug */,
				B583A3E92095DCC40044ECA0 /* Release */,
			);
			defaultConfigurationIsVisible = 0;
			defaultConfigurationName = Release;
		};
		B583A3EA2095DCC40044ECA0 /* Build configuration list for PBXNativeTarget "RxSwiftSampleTests" */ = {
			isa = XCConfigurationList;
			buildConfigurations = (
				B583A3EB2095DCC40044ECA0 /* Debug */,
				B583A3EC2095DCC40044ECA0 /* Release */,
			);
			defaultConfigurationIsVisible = 0;
			defaultConfigurationName = Release;
		};
		B583A3ED2095DCC40044ECA0 /* Build configuration list for PBXNativeTarget "RxSwiftSampleUITests" */ = {
			isa = XCConfigurationList;
			buildConfigurations = (
				B583A3EE2095DCC40044ECA0 /* Debug */,
				B583A3EF2095DCC40044ECA0 /* Release */,
			);
			defaultConfigurationIsVisible = 0;
			defaultConfigurationName = Release;
		};
/* End XCConfigurationList section */
	};
	rootObject = B583A3B52095DCC20044ECA0 /* Project object */;
}
